<?xml version="1.0" encoding="utf-8"?>
<Project ToolsVersion="4.0" xmlns="http://schemas.microsoft.com/developer/msbuild/2003">
  <ItemGroup>
    <Filter Include="Resource Files">
      <UniqueIdentifier>{67DA6AB6-F800-4c08-8B7A-83BB121AAD01}</UniqueIdentifier>
      <Extensions>rc;ico;cur;bmp;dlg;rc2;rct;bin;rgs;gif;jpg;jpeg;jpe;resx;tiff;tif;png;wav</Extensions>
    </Filter>
    <Filter Include="Framework">
      <UniqueIdentifier>{5659c67a-d8a8-478e-9150-fa3043e9d507}</UniqueIdentifier>
    </Filter>
    <Filter Include="Game">
      <UniqueIdentifier>{dbcd08cb-530f-477f-8cf9-e7c208767d6a}</UniqueIdentifier>
    </Filter>
    <Filter Include="Game\State">
      <UniqueIdentifier>{cdb2376c-3c92-4eaa-a856-2a18998a5dc9}</UniqueIdentifier>
    </Filter>
    <Filter Include="Game\Static">
      <UniqueIdentifier>{009b07c0-6939-47df-b8e4-2bafb1924bb3}</UniqueIdentifier>
    </Filter>
    <Filter Include="Game\Dynamic">
      <UniqueIdentifier>{ee1eb9ce-7005-4702-9347-1a620ed51b47}</UniqueIdentifier>
    </Filter>
  </ItemGroup>
  <ItemGroup>
    <ClCompile Include="BaseObject.cpp">
      <Filter>Framework</Filter>
    </ClCompile>
    <ClCompile Include="Collision.cpp">
      <Filter>Framework</Filter>
    </ClCompile>
    <ClCompile Include="game.cpp">
      <Filter>Framework</Filter>
    </ClCompile>
    <ClCompile Include="main.cpp">
      <Filter>Framework</Filter>
    </ClCompile>
    <ClCompile Include="sprite.cpp">
      <Filter>Framework</Filter>
    </ClCompile>
    <ClCompile Include="trace.cpp">
      <Filter>Framework</Filter>
    </ClCompile>
    <ClCompile Include="utils.cpp">
      <Filter>Framework</Filter>
    </ClCompile>
    <ClCompile Include="dsutil.cpp">
      <Filter>Framework</Filter>
    </ClCompile>
    <ClCompile Include="Brick.cpp">
      <Filter>Game\Static</Filter>
    </ClCompile>
    <ClCompile Include="Audio.cpp">
      <Filter>Framework</Filter>
    </ClCompile>
    <ClCompile Include="Camera.cpp">
      <Filter>Framework</Filter>
    </ClCompile>
    <ClCompile Include="KeyBoard.cpp">
      <Filter>Framework</Filter>
    </ClCompile>
    <ClCompile Include="Writer.cpp">
      <Filter>Framework</Filter>
    </ClCompile>
    <ClCompile Include="Mario.cpp">
      <Filter>Game</Filter>
    </ClCompile>
    <ClCompile Include="GameMario.cpp">
      <Filter>Game</Filter>
    </ClCompile>
    <ClCompile Include="Goomba.cpp">
      <Filter>Game\Dynamic</Filter>
    </ClCompile>
    <ClCompile Include="Koopa.cpp">
      <Filter>Game\Dynamic</Filter>
    </ClCompile>
    <ClCompile Include="StoneBrick.cpp">
      <Filter>Game\Dynamic</Filter>
    </ClCompile>
    <ClCompile Include="FloorBrick.cpp">
      <Filter>Game\Static</Filter>
    </ClCompile>
    <ClCompile Include="IronBrick.cpp">
      <Filter>Game\Static</Filter>
    </ClCompile>
    <ClCompile Include="Pipe.cpp">
      <Filter>Game\Static</Filter>
    </ClCompile>
    <ClCompile Include="QuadTree.cpp">
      <Filter>Framework</Filter>
    </ClCompile>
    <ClCompile Include="BackGround.cpp" />
    <ClCompile Include="TimeManager.cpp">
      <Filter>Framework</Filter>
    </ClCompile>
  </ItemGroup>
  <ItemGroup>
    <ClInclude Include="Global.h">
      <Filter>Framework</Filter>
    </ClInclude>
    <ClInclude Include="game.h">
      <Filter>Framework</Filter>
    </ClInclude>
    <ClInclude Include="Collision.h">
      <Filter>Framework</Filter>
    </ClInclude>
    <ClInclude Include="BaseObject.h">
      <Filter>Framework</Filter>
    </ClInclude>
    <ClInclude Include="utils.h">
      <Filter>Framework</Filter>
    </ClInclude>
    <ClInclude Include="trace.h">
      <Filter>Framework</Filter>
    </ClInclude>
    <ClInclude Include="sprite.h">
      <Filter>Framework</Filter>
    </ClInclude>
    <ClInclude Include="dsutil.h">
      <Filter>Framework</Filter>
    </ClInclude>
    <ClInclude Include="dxutil.h">
      <Filter>Framework</Filter>
    </ClInclude>
    <ClInclude Include="Brick.h">
      <Filter>Game\Static</Filter>
    </ClInclude>
    <ClInclude Include="Audio.h">
      <Filter>Framework</Filter>
    </ClInclude>
    <ClInclude Include="Camera.h">
      <Filter>Framework</Filter>
    </ClInclude>
    <ClInclude Include="KeyBoard.h">
      <Filter>Framework</Filter>
    </ClInclude>
    <ClInclude Include="Writer.h">
      <Filter>Framework</Filter>
    </ClInclude>
    <ClInclude Include="Mario.h">
      <Filter>Game</Filter>
    </ClInclude>
    <ClInclude Include="GameMario.h">
      <Filter>Game</Filter>
    </ClInclude>
    <ClInclude Include="Box.h">
      <Filter>Framework</Filter>
    </ClInclude>
    <ClInclude Include="Koopa.h">
      <Filter>Game\Dynamic</Filter>
    </ClInclude>
    <ClInclude Include="Goomba.h">
      <Filter>Game\Dynamic</Filter>
    </ClInclude>
    <ClInclude Include="StoneBrick.h">
      <Filter>Game\Dynamic</Filter>
    </ClInclude>
    <ClInclude Include="FloorBrick.h">
      <Filter>Game\Static</Filter>
    </ClInclude>
    <ClInclude Include="IronBrick.h">
      <Filter>Game\Static</Filter>
    </ClInclude>
    <ClInclude Include="Pipe.h">
      <Filter>Game\Static</Filter>
    </ClInclude>
    <ClInclude Include="QuadTree.h">
      <Filter>Framework</Filter>
    </ClInclude>
    <ClInclude Include="BackGround.h" />
    <ClInclude Include="TimeManager.h">
      <Filter>Framework</Filter>
    </ClInclude>
  </ItemGroup>
</Project>