<?xml version="1.0" encoding="utf-8"?>
<Project ToolsVersion="4.0" xmlns="http://schemas.microsoft.com/developer/msbuild/2003">
  <ItemGroup>
    <Filter Include="Resource Files">
      <UniqueIdentifier>{67DA6AB6-F800-4c08-8B7A-83BB121AAD01}</UniqueIdentifier>
      <Extensions>rc;ico;cur;bmp;dlg;rc2;rct;bin;rgs;gif;jpg;jpeg;jpe;resx;tiff;tif;png;wav</Extensions>
    </Filter>
    <Filter Include="Game">
      <UniqueIdentifier>{dbcd08cb-530f-477f-8cf9-e7c208767d6a}</UniqueIdentifier>
    </Filter>
    <Filter Include="Game\State">
      <UniqueIdentifier>{cdb2376c-3c92-4eaa-a856-2a18998a5dc9}</UniqueIdentifier>
    </Filter>
    <Filter Include="Game\Static">
      <UniqueIdentifier>{009b07c0-6939-47df-b8e4-2bafb1924bb3}</UniqueIdentifier>
    </Filter>
    <Filter Include="Game\Dynamic">
      <UniqueIdentifier>{ee1eb9ce-7005-4702-9347-1a620ed51b47}</UniqueIdentifier>
    </Filter>
    <Filter Include="Game\iTem">
      <UniqueIdentifier>{7961f392-002b-4784-80f5-3cf45feae7f2}</UniqueIdentifier>
    </Filter>
    <Filter Include="Audio">
      <UniqueIdentifier>{efa68abe-832c-4ca5-a118-53b0514b6fc5}</UniqueIdentifier>
    </Filter>
    <Filter Include="Camera">
      <UniqueIdentifier>{9106c4ff-319f-4b8a-bba9-1836bd26aa15}</UniqueIdentifier>
    </Filter>
    <Filter Include="QuadTree">
      <UniqueIdentifier>{da61dd56-bc31-4c6f-b8e5-faa21b2f8674}</UniqueIdentifier>
    </Filter>
    <Filter Include="Collision">
      <UniqueIdentifier>{d1e2221b-1d0f-471b-a9e9-dcf0a05529c8}</UniqueIdentifier>
    </Filter>
    <Filter Include="Keyboard">
      <UniqueIdentifier>{f9e0791b-01e8-4e71-a785-c505f85d4833}</UniqueIdentifier>
    </Filter>
    <Filter Include="Core">
      <UniqueIdentifier>{dcddd881-6270-4bc7-8fd5-986699d51c55}</UniqueIdentifier>
    </Filter>
  </ItemGroup>
  <ItemGroup>
    <ClCompile Include="Brick.cpp">
      <Filter>Game\Static</Filter>
    </ClCompile>
    <ClCompile Include="Mario.cpp">
      <Filter>Game</Filter>
    </ClCompile>
    <ClCompile Include="GameMario.cpp">
      <Filter>Game</Filter>
    </ClCompile>
    <ClCompile Include="Goomba.cpp">
      <Filter>Game\Dynamic</Filter>
    </ClCompile>
    <ClCompile Include="Koopa.cpp">
      <Filter>Game\Dynamic</Filter>
    </ClCompile>
    <ClCompile Include="Pipe.cpp">
      <Filter>Game\Static</Filter>
    </ClCompile>
    <ClCompile Include="StoneBrick.cpp">
      <Filter>Game\Static</Filter>
    </ClCompile>
    <ClCompile Include="FloorBrick.cpp">
      <Filter>Game\Static</Filter>
    </ClCompile>
    <ClCompile Include="IronBrick.cpp">
      <Filter>Game\Static</Filter>
    </ClCompile>
    <ClCompile Include="Flag.cpp">
      <Filter>Game\Static</Filter>
    </ClCompile>
    <ClCompile Include="Mountain.cpp">
      <Filter>Game\Static</Filter>
    </ClCompile>
    <ClCompile Include="Grass.cpp">
      <Filter>Game\Static</Filter>
    </ClCompile>
    <ClCompile Include="Cloud.cpp">
      <Filter>Game\Static</Filter>
    </ClCompile>
    <ClCompile Include="BrickQuestion.cpp">
      <Filter>Game\Static</Filter>
    </ClCompile>
    <ClCompile Include="Audio.cpp">
      <Filter>Audio</Filter>
    </ClCompile>
    <ClCompile Include="dsutil.cpp">
      <Filter>Audio</Filter>
    </ClCompile>
    <ClCompile Include="Camera.cpp">
      <Filter>Camera</Filter>
    </ClCompile>
    <ClCompile Include="QuadTree.cpp">
      <Filter>QuadTree</Filter>
    </ClCompile>
    <ClCompile Include="Collision.cpp">
      <Filter>Collision</Filter>
    </ClCompile>
    <ClCompile Include="KeyBoard.cpp">
      <Filter>Keyboard</Filter>
    </ClCompile>
    <ClCompile Include="BaseObject.cpp">
      <Filter>Core</Filter>
    </ClCompile>
    <ClCompile Include="game.cpp">
      <Filter>Core</Filter>
    </ClCompile>
    <ClCompile Include="sprite.cpp">
      <Filter>Core</Filter>
    </ClCompile>
    <ClCompile Include="TimeManager.cpp">
      <Filter>Core</Filter>
    </ClCompile>
    <ClCompile Include="main.cpp">
      <Filter>Core</Filter>
    </ClCompile>
    <ClCompile Include="trace.cpp">
      <Filter>Core</Filter>
    </ClCompile>
    <ClCompile Include="utils.cpp">
      <Filter>Core</Filter>
    </ClCompile>
    <ClCompile Include="Writer.cpp">
      <Filter>Core</Filter>
    </ClCompile>
    <ClCompile Include="Coin.cpp">
      <Filter>Game\iTem</Filter>
    </ClCompile>
    <ClCompile Include="Flower.cpp">
      <Filter>Game\iTem</Filter>
    </ClCompile>
    <ClCompile Include="GreenMushroom.cpp">
      <Filter>Game\iTem</Filter>
    </ClCompile>
    <ClCompile Include="MushRoom.cpp">
      <Filter>Game\iTem</Filter>
    </ClCompile>
    <ClCompile Include="Castle.cpp">
      <Filter>Game\Static</Filter>
    </ClCompile>
    <ClCompile Include="MuchMoneyBrick.cpp">
      <Filter>Game\Static</Filter>
    </ClCompile>
    <ClCompile Include="Star.cpp">
      <Filter>Game\Static</Filter>
    </ClCompile>
  </ItemGroup>
  <ItemGroup>
    <ClInclude Include="Brick.h">
      <Filter>Game\Static</Filter>
    </ClInclude>
    <ClInclude Include="Mario.h">
      <Filter>Game</Filter>
    </ClInclude>
    <ClInclude Include="GameMario.h">
      <Filter>Game</Filter>
    </ClInclude>
    <ClInclude Include="Goomba.h">
      <Filter>Game\Dynamic</Filter>
    </ClInclude>
    <ClInclude Include="Koopa.h">
      <Filter>Game\Dynamic</Filter>
    </ClInclude>
    <ClInclude Include="Pipe.h">
      <Filter>Game\Static</Filter>
    </ClInclude>
    <ClInclude Include="StoneBrick.h">
      <Filter>Game\Static</Filter>
    </ClInclude>
    <ClInclude Include="FloorBrick.h">
      <Filter>Game\Static</Filter>
    </ClInclude>
    <ClInclude Include="IronBrick.h">
      <Filter>Game\Static</Filter>
    </ClInclude>
    <ClInclude Include="Flag.h">
      <Filter>Game\Static</Filter>
    </ClInclude>
    <ClInclude Include="Mountain.h">
      <Filter>Game\Static</Filter>
    </ClInclude>
    <ClInclude Include="Grass.h">
      <Filter>Game\Static</Filter>
    </ClInclude>
    <ClInclude Include="Cloud.h">
      <Filter>Game\Static</Filter>
    </ClInclude>
    <ClInclude Include="BrickQuestion.h">
      <Filter>Game\Static</Filter>
    </ClInclude>
    <ClInclude Include="Audio.h">
      <Filter>Audio</Filter>
    </ClInclude>
    <ClInclude Include="dsutil.h">
      <Filter>Audio</Filter>
    </ClInclude>
    <ClInclude Include="dxutil.h">
      <Filter>Audio</Filter>
    </ClInclude>
    <ClInclude Include="Camera.h">
      <Filter>Camera</Filter>
    </ClInclude>
    <ClInclude Include="QuadTree.h">
      <Filter>QuadTree</Filter>
    </ClInclude>
    <ClInclude Include="SwapAABB.h">
      <Filter>Collision</Filter>
    </ClInclude>
    <ClInclude Include="Collision.h">
      <Filter>Collision</Filter>
    </ClInclude>
    <ClInclude Include="KeyBoard.h">
      <Filter>Keyboard</Filter>
    </ClInclude>
    <ClInclude Include="BaseObject.h">
      <Filter>Core</Filter>
    </ClInclude>
    <ClInclude Include="Global.h">
      <Filter>Core</Filter>
    </ClInclude>
    <ClInclude Include="game.h">
      <Filter>Core</Filter>
    </ClInclude>
    <ClInclude Include="sprite.h">
      <Filter>Core</Filter>
    </ClInclude>
    <ClInclude Include="TimeManager.h">
      <Filter>Core</Filter>
    </ClInclude>
    <ClInclude Include="trace.h">
      <Filter>Core</Filter>
    </ClInclude>
    <ClInclude Include="utils.h">
      <Filter>Core</Filter>
    </ClInclude>
    <ClInclude Include="Writer.h">
      <Filter>Core</Filter>
    </ClInclude>
    <ClInclude Include="Coin.h">
      <Filter>Game\iTem</Filter>
    </ClInclude>
    <ClInclude Include="Flower.h">
      <Filter>Game\iTem</Filter>
    </ClInclude>
    <ClInclude Include="GreenMushroom.h">
      <Filter>Game\iTem</Filter>
    </ClInclude>
    <ClInclude Include="MushRoom.h">
      <Filter>Game\iTem</Filter>
    </ClInclude>
    <ClInclude Include="Castle.h">
      <Filter>Game\Static</Filter>
    </ClInclude>
    <ClInclude Include="MuchMoneyBrick.h">
      <Filter>Game\Static</Filter>
    </ClInclude>
    <ClInclude Include="Star.h">
      <Filter>Game\Static</Filter>
    </ClInclude>
  </ItemGroup>
  <ItemGroup>
    <None Include="ClassDiagram.cd" />
  </ItemGroup>
</Project>