<?xml version="1.0" encoding="utf-8"?>
<Project ToolsVersion="4.0" xmlns="http://schemas.microsoft.com/developer/msbuild/2003">
  <ItemGroup>
    <Filter Include="Framework">
      <UniqueIdentifier>{93995380-89BD-4b04-88EB-625FBE52EBFB}</UniqueIdentifier>
      <Extensions>h;hpp;hxx;hm;inl;inc;xsd</Extensions>
    </Filter>
    <Filter Include="Game">
      <UniqueIdentifier>{1e920b9a-2fda-4f98-a5d9-5125db43a31b}</UniqueIdentifier>
    </Filter>
    <Filter Include="Game\Eneme">
      <UniqueIdentifier>{65022dc8-31fc-4015-9f20-08048ea934db}</UniqueIdentifier>
    </Filter>
    <Filter Include="Game\Static">
      <UniqueIdentifier>{446c7129-2efc-4440-a095-7739631aa6dd}</UniqueIdentifier>
    </Filter>
  </ItemGroup>
  <ItemGroup>
    <ClCompile Include="Animation.cpp">
      <Filter>Framework</Filter>
    </ClCompile>
    <ClCompile Include="Graphic.cpp">
      <Filter>Framework</Filter>
    </ClCompile>
    <ClCompile Include="Input.cpp">
      <Filter>Framework</Filter>
    </ClCompile>
    <ClCompile Include="Sprite.cpp">
      <Filter>Framework</Filter>
    </ClCompile>
    <ClCompile Include="TimeManager.cpp">
      <Filter>Framework</Filter>
    </ClCompile>
    <ClCompile Include="WinMain.cpp">
      <Filter>Framework</Filter>
    </ClCompile>
    <ClCompile Include="Game.cpp" />
    <ClCompile Include="BaseObject.cpp">
      <Filter>Framework</Filter>
    </ClCompile>
    <ClCompile Include="Camera.cpp">
      <Filter>Framework</Filter>
    </ClCompile>
    <ClCompile Include="dsutil.cpp">
      <Filter>Framework</Filter>
    </ClCompile>
    <ClCompile Include="Audio.cpp">
      <Filter>Framework</Filter>
    </ClCompile>
    <ClCompile Include="Cloud.cpp">
      <Filter>Game\Static</Filter>
    </ClCompile>
    <ClCompile Include="Castle.cpp">
      <Filter>Game\Static</Filter>
    </ClCompile>
    <ClCompile Include="Brick.cpp">
      <Filter>Game\Static</Filter>
    </ClCompile>
    <ClCompile Include="Grass.cpp">
      <Filter>Game\Static</Filter>
    </ClCompile>
    <ClCompile Include="Mountain.cpp">
      <Filter>Game\Static</Filter>
    </ClCompile>
    <ClCompile Include="Ground.cpp">
      <Filter>Game\Static</Filter>
    </ClCompile>
    <ClCompile Include="Mario.cpp">
      <Filter>Game</Filter>
    </ClCompile>
    <ClCompile Include="Collision.cpp">
      <Filter>Game</Filter>
    </ClCompile>
  </ItemGroup>
  <ItemGroup>
    <ClInclude Include="Animation.h">
      <Filter>Framework</Filter>
    </ClInclude>
    <ClInclude Include="Graphic.h">
      <Filter>Framework</Filter>
    </ClInclude>
    <ClInclude Include="Input.h">
      <Filter>Framework</Filter>
    </ClInclude>
    <ClInclude Include="Sprite.h">
      <Filter>Framework</Filter>
    </ClInclude>
    <ClInclude Include="TimeManager.h">
      <Filter>Framework</Filter>
    </ClInclude>
    <ClInclude Include="Game.h" />
    <ClInclude Include="Global.h">
      <Filter>Framework</Filter>
    </ClInclude>
    <ClInclude Include="BaseObject.h">
      <Filter>Framework</Filter>
    </ClInclude>
    <ClInclude Include="Camera.h">
      <Filter>Framework</Filter>
    </ClInclude>
    <ClInclude Include="dxutil.h">
      <Filter>Framework</Filter>
    </ClInclude>
    <ClInclude Include="dsutil.h">
      <Filter>Framework</Filter>
    </ClInclude>
    <ClInclude Include="Audio.h">
      <Filter>Framework</Filter>
    </ClInclude>
    <ClInclude Include="Cloud.h">
      <Filter>Framework</Filter>
    </ClInclude>
    <ClInclude Include="Mountain.h">
      <Filter>Game\Static</Filter>
    </ClInclude>
    <ClInclude Include="Castle.h">
      <Filter>Game\Static</Filter>
    </ClInclude>
    <ClInclude Include="Brick.h">
      <Filter>Game\Static</Filter>
    </ClInclude>
    <ClInclude Include="Grass.h">
      <Filter>Game\Static</Filter>
    </ClInclude>
    <ClInclude Include="Ground.h">
      <Filter>Game\Static</Filter>
    </ClInclude>
    <ClInclude Include="Mario.h">
      <Filter>Game</Filter>
    </ClInclude>
    <ClInclude Include="Collision.h">
      <Filter>Game</Filter>
    </ClInclude>
  </ItemGroup>
</Project>